{
  "nodes": {
    "devenv": {
      "locked": {
        "dir": "src/modules",
        "lastModified": 1782331842,
        "narHash": "sha256-7CJ2EqNVPMq0ly39aaP6dGgdO627MqUtM/+Dm+QwNdU=",
        "owner": "cachix",
        "repo": "devenv",
        "rev": "885e1c9d62cfa12232802de77b36aaded1ca609b",
        "type": "github"
      },
      "original": {
        "dir": "src/modules",
        "owner": "cachix",
        "repo": "devenv",
        "type": "github"
      }
    },
    "nixos-stable": {
      "locked": {
        "lastModified": 1782233679,
        "narHash": "sha256-QyuGP5+QOtmXpy4i2X4DhBVBaySBdDKQEhqKcphcp34=",
        "owner": "NixOS",
        "repo": "nixpkgs",
        "rev": "667d5cf1c59585031d743c78b394b0a647537c35",
        "type": "github"
      },
      "original": {
        "owner": "NixOS",
        "ref": "nixos-26.05",
        "repo": "nixpkgs",
        "type": "github"
      }
    },
    "root": {
      "inputs": {
        "devenv": "devenv",
        "nixos-stable": "nixos-stable",
        "nixpkgs": [
          "nixos-stable"
        ]
      }
    }
  },
  "root": "root",
  "version": 7
}