{
  "nodes": {
    "devenv": {
      "locked": {
        "dir": "src/modules",
        "lastModified": 1780630679,
        "narHash": "sha256-hhQyVAYmNKziZ0T+T4Gsk0PYmnz4vdzOzpkJAmDASKM=",
        "owner": "cachix",
        "repo": "devenv",
        "rev": "90ed6227ab389dd4e874a69a724f25dba312b754",
        "type": "github"
      },
      "original": {
        "dir": "src/modules",
        "owner": "cachix",
        "repo": "devenv",
        "type": "github"
      }
    },
    "nixos-stable": {
      "locked": {
        "lastModified": 1780453794,
        "narHash": "sha256-bXMRa9VTsHSPXL4Cw8R6JJLQeY3Y/IP4+YJCYVmQ7FY=",
        "owner": "NixOS",
        "repo": "nixpkgs",
        "rev": "6b316287bae2ee04c9b93c8c858d930fd07d7338",
        "type": "github"
      },
      "original": {
        "owner": "NixOS",
        "ref": "nixos-26.05",
        "repo": "nixpkgs",
        "type": "github"
      }
    },
    "root": {
      "inputs": {
        "devenv": "devenv",
        "nixos-stable": "nixos-stable",
        "nixpkgs": [
          "nixos-stable"
        ]
      }
    }
  },
  "root": "root",
  "version": 7
}